// !$*UTF8*$!
{
	archiveVersion = 1;
	classes = {
	};
	objectVersion = 56;
	objects = {

/* Begin PBXBuildFile section */
		DCD7FB812C6989DA00E26DE3 /* Tik_Tok_CloneApp.swift in Sources */ = {isa = PBXBuildFile; fileRef = DCD7FB802C6989DA00E26DE3 /* Tik_Tok_CloneApp.swift */; };
		DCD7FB832C6989DA00E26DE3 /* ContentView.swift in Sources */ = {isa = PBXBuildFile; fileRef = DCD7FB822C6989DA00E26DE3 /* ContentView.swift */; };
		DCD7FB852C6989DB00E26DE3 /* Assets.xcassets in Resources */ = {isa = PBXBuildFile; fileRef = DCD7FB842C6989DB00E26DE3 /* Assets.xcassets */; };
		DCD7FB882C6989DB00E26DE3 /* Preview Assets.xcassets in Resources */ = {isa = PBXBuildFile; fileRef = DCD7FB872C6989DB00E26DE3 /* Preview Assets.xcassets */; };
		DCD7FBA22C698B7900E26DE3 /* MainTabView.swift in Sources */ = {isa = PBXBuildFile; fileRef = DCD7FBA12C698B7900E26DE3 /* MainTabView.swift */; };
		DCD7FBA42C69B77400E26DE3 /* Feed_View.swift in Sources */ = {isa = PBXBuildFile; fileRef = DCD7FBA32C69B77400E26DE3 /* Feed_View.swift */; };
		DCD7FBA62C69BB3100E26DE3 /* Feed_Cell.swift in Sources */ = {isa = PBXBuildFile; fileRef = DCD7FBA52C69BB3100E26DE3 /* Feed_Cell.swift */; };
/* End PBXBuildFile section */

/* Begin PBXFileReference section */
		DCD7FB7D2C6989DA00E26DE3 /* Tik_Tok Clone.app */ = {isa = PBXFileReference; explicitFileType = wrapper.application; includeInIndex = 0; path = "Tik_Tok Clone.app"; sourceTree = BUILT_PRODUCTS_DIR; };
		DCD7FB802C6989DA00E26DE3 /* Tik_Tok_CloneApp.swift */ = {isa = PBXFileReference; lastKnownFileType = sourcecode.swift; path = Tik_Tok_CloneApp.swift; sourceTree = "<group>"; };
		DCD7FB822C6989DA00E26DE3 /* ContentView.swift */ = {isa = PBXFileReference; lastKnownFileType = sourcecode.swift; path = ContentView.swift; sourceTree = "<group>"; };
		DCD7FB842C6989DB00E26DE3 /* Assets.xcassets */ = {isa = PBXFileReference; lastKnownFileType = folder.assetcatalog; path = Assets.xcassets; sourceTree = "<group>"; };
		DCD7FB872C6989DB00E26DE3 /* Preview Assets.xcassets */ = {isa = PBXFileReference; lastKnownFileType = folder.assetcatalog; path = "Preview Assets.xcassets"; sourceTree = "<group>"; };
		DCD7FBA12C698B7900E26DE3 /* MainTabView.swift */ = {isa = PBXFileReference; lastKnownFileType = sourcecode.swift; path = MainTabView.swift; sourceTree = "<group>"; };
		DCD7FBA32C69B77400E26DE3 /* Feed_View.swift */ = {isa = PBXFileReference; lastKnownFileType = sourcecode.swift; path = Feed_View.swift; sourceTree = "<group>"; };
		DCD7FBA52C69BB3100E26DE3 /* Feed_Cell.swift */ = {isa = PBXFileReference; lastKnownFileType = sourcecode.swift; path = Feed_Cell.swift; sourceTree = "<group>"; };
/* End PBXFileReference section */

/* Begin PBXFrameworksBuildPhase section */
		DCD7FB7A2C6989DA00E26DE3 /* Frameworks */ = {
			isa = PBXFrameworksBuildPhase;
			buildActionMask = 2147483647;
			files = (
			);
			runOnlyForDeploymentPostprocessing = 0;
		};
/* End PBXFrameworksBuildPhase section */

/* Begin PBXGroup section */
		DCD7FB742C6989DA00E26DE3 = {
			isa = PBXGroup;
			children = (
				DCD7FB7F2C6989DA00E26DE3 /* Tik_Tok Clone */,
				DCD7FB7E2C6989DA00E26DE3 /* Products */,
			);
			sourceTree = "<group>";
		};
		DCD7FB7E2C6989DA00E26DE3 /* Products */ = {
			isa = PBXGroup;
			children = (
				DCD7FB7D2C6989DA00E26DE3 /* Tik_Tok Clone.app */,
			);
			name = Products;
			sourceTree = "<group>";
		};
		DCD7FB7F2C6989DA00E26DE3 /* Tik_Tok Clone */ = {
			isa = PBXGroup;
			children = (
				DCD7FB962C6989F700E26DE3 /* App */,
				DCD7FB952C6989F500E26DE3 /* Core */,
				DCD7FB942C6989F400E26DE3 /* Extensions */,
				DCD7FB932C6989F200E26DE3 /* Models */,
				DCD7FB922C6989F100E26DE3 /* Services */,
				DCD7FB912C6989EF00E26DE3 /* Utils */,
				DCD7FB842C6989DB00E26DE3 /* Assets.xcassets */,
				DCD7FB862C6989DB00E26DE3 /* Preview Content */,
			);
			path = "Tik_Tok Clone";
			sourceTree = "<group>";
		};
		DCD7FB862C6989DB00E26DE3 /* Preview Content */ = {
			isa = PBXGroup;
			children = (
				DCD7FB872C6989DB00E26DE3 /* Preview Assets.xcassets */,
			);
			path = "Preview Content";
			sourceTree = "<group>";
		};
		DCD7FB912C6989EF00E26DE3 /* Utils */ = {
			isa = PBXGroup;
			children = (
			);
			path = Utils;
			sourceTree = "<group>";
		};
		DCD7FB922C6989F100E26DE3 /* Services */ = {
			isa = PBXGroup;
			children = (
			);
			path = Services;
			sourceTree = "<group>";
		};
		DCD7FB932C6989F200E26DE3 /* Models */ = {
			isa = PBXGroup;
			children = (
			);
			path = Models;
			sourceTree = "<group>";
		};
		DCD7FB942C6989F400E26DE3 /* Extensions */ = {
			isa = PBXGroup;
			children = (
			);
			path = Extensions;
			sourceTree = "<group>";
		};
		DCD7FB952C6989F500E26DE3 /* Core */ = {
			isa = PBXGroup;
			children = (
				DCD7FBA02C698A3B00E26DE3 /* Authentication */,
				DCD7FB9F2C698A3900E26DE3 /* Comments */,
				DCD7FB9E2C698A3300E26DE3 /* Components */,
				DCD7FB9D2C698A3200E26DE3 /* Feed */,
				DCD7FB9C2C698A3100E26DE3 /* Notifications */,
				DCD7FB9B2C698A3000E26DE3 /* Profile */,
				DCD7FB9A2C698A2F00E26DE3 /* Root */,
				DCD7FB992C698A2E00E26DE3 /* Search */,
				DCD7FB982C698A2D00E26DE3 /* TabBar */,
				DCD7FB972C698A2B00E26DE3 /* UploadMedia */,
			);
			path = Core;
			sourceTree = "<group>";
		};
		DCD7FB962C6989F700E26DE3 /* App */ = {
			isa = PBXGroup;
			children = (
				DCD7FB802C6989DA00E26DE3 /* Tik_Tok_CloneApp.swift */,
			);
			path = App;
			sourceTree = "<group>";
		};
		DCD7FB972C698A2B00E26DE3 /* UploadMedia */ = {
			isa = PBXGroup;
			children = (
			);
			path = UploadMedia;
			sourceTree = "<group>";
		};
		DCD7FB982C698A2D00E26DE3 /* TabBar */ = {
			isa = PBXGroup;
			children = (
				DCD7FBA12C698B7900E26DE3 /* MainTabView.swift */,
			);
			path = TabBar;
			sourceTree = "<group>";
		};
		DCD7FB992C698A2E00E26DE3 /* Search */ = {
			isa = PBXGroup;
			children = (
			);
			path = Search;
			sourceTree = "<group>";
		};
		DCD7FB9A2C698A2F00E26DE3 /* Root */ = {
			isa = PBXGroup;
			children = (
				DCD7FB822C6989DA00E26DE3 /* ContentView.swift */,
			);
			path = Root;
			sourceTree = "<group>";
		};
		DCD7FB9B2C698A3000E26DE3 /* Profile */ = {
			isa = PBXGroup;
			children = (
			);
			path = Profile;
			sourceTree = "<group>";
		};
		DCD7FB9C2C698A3100E26DE3 /* Notifications */ = {
			isa = PBXGroup;
			children = (
			);
			path = Notifications;
			sourceTree = "<group>";
		};
		DCD7FB9D2C698A3200E26DE3 /* Feed */ = {
			isa = PBXGroup;
			children = (
				DCD7FBA32C69B77400E26DE3 /* Feed_View.swift */,
				DCD7FBA52C69BB3100E26DE3 /* Feed_Cell.swift */,
			);
			path = Feed;
			sourceTree = "<group>";
		};
		DCD7FB9E2C698A3300E26DE3 /* Components */ = {
			isa = PBXGroup;
			children = (
			);
			path = Components;
			sourceTree = "<group>";
		};
		DCD7FB9F2C698A3900E26DE3 /* Comments */ = {
			isa = PBXGroup;
			children = (
			);
			path = Comments;
			sourceTree = "<group>";
		};
		DCD7FBA02C698A3B00E26DE3 /* Authentication */ = {
			isa = PBXGroup;
			children = (
			);
			path = Authentication;
			sourceTree = "<group>";
		};
/* End PBXGroup section */

/* Begin PBXNativeTarget section */
		DCD7FB7C2C6989DA00E26DE3 /* Tik_Tok Clone */ = {
			isa = PBXNativeTarget;
			buildConfigurationList = DCD7FB8B2C6989DB00E26DE3 /* Build configuration list for PBXNativeTarget "Tik_Tok Clone" */;
			buildPhases = (
				DCD7FB792C6989DA00E26DE3 /* Sources */,
				DCD7FB7A2C6989DA00E26DE3 /* Frameworks */,
				DCD7FB7B2C6989DA00E26DE3 /* Resources */,
			);
			buildRules = (
			);
			dependencies = (
			);
			name = "Tik_Tok Clone";
			productName = "Tik_Tok Clone";
			productReference = DCD7FB7D2C6989DA00E26DE3 /* Tik_Tok Clone.app */;
			productType = "com.apple.product-type.application";
		};
/* End PBXNativeTarget section */

/* Begin PBXProject section */
		DCD7FB752C6989DA00E26DE3 /* Project object */ = {
			isa = PBXProject;
			attributes = {
				BuildIndependentTargetsInParallel = 1;
				LastSwiftUpdateCheck = 1540;
				LastUpgradeCheck = 1540;
				TargetAttributes = {
					DCD7FB7C2C6989DA00E26DE3 = {
						CreatedOnToolsVersion = 15.4;
					};
				};
			};
			buildConfigurationList = DCD7FB782C6989DA00E26DE3 /* Build configuration list for PBXProject "Tik_Tok Clone" */;
			compatibilityVersion = "Xcode 14.0";
			developmentRegion = en;
			hasScannedForEncodings = 0;
			knownRegions = (
				en,
				Base,
			);
			mainGroup = DCD7FB742C6989DA00E26DE3;
			productRefGroup = DCD7FB7E2C6989DA00E26DE3 /* Products */;
			projectDirPath = "";
			projectRoot = "";
			targets = (
				DCD7FB7C2C6989DA00E26DE3 /* Tik_Tok Clone */,
			);
		};
/* End PBXProject section */

/* Begin PBXResourcesBuildPhase section */
		DCD7FB7B2C6989DA00E26DE3 /* Resources */ = {
			isa = PBXResourcesBuildPhase;
			buildActionMask = 2147483647;
			files = (
				DCD7FB882C6989DB00E26DE3 /* Preview Assets.xcassets in Resources */,
				DCD7FB852C6989DB00E26DE3 /* Assets.xcassets in Resources */,
			);
			runOnlyForDeploymentPostprocessing = 0;
		};
/* End PBXResourcesBuildPhase section */

/* Begin PBXSourcesBuildPhase section */
		DCD7FB792C6989DA00E26DE3 /* Sources */ = {
			isa = PBXSourcesBuildPhase;
			buildActionMask = 2147483647;
			files = (
				DCD7FBA62C69BB3100E26DE3 /* Feed_Cell.swift in Sources */,
				DCD7FBA42C69B77400E26DE3 /* Feed_View.swift in Sources */,
				DCD7FB832C6989DA00E26DE3 /* ContentView.swift in Sources */,
				DCD7FB812C6989DA00E26DE3 /* Tik_Tok_CloneApp.swift in Sources */,
				DCD7FBA22C698B7900E26DE3 /* MainTabView.swift in Sources */,
			);
			runOnlyForDeploymentPostprocessing = 0;
		};
/* End PBXSourcesBuildPhase section */

/* Begin XCBuildConfiguration section */
		DCD7FB892C6989DB00E26DE3 /* Debug */ = {
			isa = XCBuildConfiguration;
			buildSettings = {
				ALWAYS_SEARCH_USER_PATHS = NO;
				ASSETCATALOG_COMPILER_GENERATE_SWIFT_ASSET_SYMBOL_EXTENSIONS = YES;
				CLANG_ANALYZER_NONNULL = YES;
				CLANG_ANALYZER_NUMBER_OBJECT_CONVERSION = YES_AGGRESSIVE;
				CLANG_CXX_LANGUAGE_STANDARD = "gnu++20";
				CLANG_ENABLE_MODULES = YES;
				CLANG_ENABLE_OBJC_ARC = YES;
				CLANG_ENABLE_OBJC_WEAK = YES;
				CLANG_WARN_BLOCK_CAPTURE_AUTORELEASING = YES;
				CLANG_WARN_BOOL_CONVERSION = YES;
				CLANG_WARN_COMMA = YES;
				CLANG_WARN_CONSTANT_CONVERSION = YES;
				CLANG_WARN_DEPRECATED_OBJC_IMPLEMENTATIONS = YES;
				CLANG_WARN_DIRECT_OBJC_ISA_USAGE = YES_ERROR;
				CLANG_WARN_DOCUMENTATION_COMMENTS = YES;
				CLANG_WARN_EMPTY_BODY = YES;
				CLANG_WARN_ENUM_CONVERSION = YES;
				CLANG_WARN_INFINITE_RECURSION = YES;
				CLANG_WARN_INT_CONVERSION = YES;
				CLANG_WARN_NON_LITERAL_NULL_CONVERSION = YES;
				CLANG_WARN_OBJC_IMPLICIT_RETAIN_SELF = YES;
				CLANG_WARN_OBJC_LITERAL_CONVERSION = YES;
				CLANG_WARN_OBJC_ROOT_CLASS = YES_ERROR;
				CLANG_WARN_QUOTED_INCLUDE_IN_FRAMEWORK_HEADER = YES;
				CLANG_WARN_RANGE_LOOP_ANALYSIS = YES;
				CLANG_WARN_STRICT_PROTOTYPES = YES;
				CLANG_WARN_SUSPICIOUS_MOVE = YES;
				CLANG_WARN_UNGUARDED_AVAILABILITY = YES_AGGRESSIVE;
				CLANG_WARN_UNREACHABLE_CODE = YES;
				CLANG_WARN__DUPLICATE_METHOD_MATCH = YES;
				COPY_PHASE_STRIP = NO;
				DEBUG_INFORMATION_FORMAT = dwarf;
				ENABLE_STRICT_OBJC_MSGSEND = YES;
				ENABLE_TESTABILITY = YES;
				ENABLE_USER_SCRIPT_SANDBOXING = YES;
				GCC_C_LANGUAGE_STANDARD = gnu17;
				GCC_DYNAMIC_NO_PIC = NO;
				GCC_NO_COMMON_BLOCKS = YES;
				GCC_OPTIMIZATION_LEVEL = 0;
				GCC_PREPROCESSOR_DEFINITIONS = (
					"DEBUG=1",
					"$(inherited)",
				);
				GCC_WARN_64_TO_32_BIT_CONVERSION = YES;
				GCC_WARN_ABOUT_RETURN_TYPE = YES_ERROR;
				GCC_WARN_UNDECLARED_SELECTOR = YES;
				GCC_WARN_UNINITIALIZED_AUTOS = YES_AGGRESSIVE;
				GCC_WARN_UNUSED_FUNCTION = YES;
				GCC_WARN_UNUSED_VARIABLE = YES;
				IPHONEOS_DEPLOYMENT_TARGET = 17.5;
				LOCALIZATION_PREFERS_STRING_CATALOGS = YES;
				MTL_ENABLE_DEBUG_INFO = INCLUDE_SOURCE;
				MTL_FAST_MATH = YES;
				ONLY_ACTIVE_ARCH = YES;
				SDKROOT = iphoneos;
				SWIFT_ACTIVE_COMPILATION_CONDITIONS = "DEBUG $(inherited)";
				SWIFT_OPTIMIZATION_LEVEL = "-Onone";
			};
			name = Debug;
		};
		DCD7FB8A2C6989DB00E26DE3 /* Release */ = {
			isa = XCBuildConfiguration;
			buildSettings = {
				ALWAYS_SEARCH_USER_PATHS = NO;
				ASSETCATALOG_COMPILER_GENERATE_SWIFT_ASSET_SYMBOL_EXTENSIONS = YES;
				CLANG_ANALYZER_NONNULL = YES;
				CLANG_ANALYZER_NUMBER_OBJECT_CONVERSION = YES_AGGRESSIVE;
				CLANG_CXX_LANGUAGE_STANDARD = "gnu++20";
				CLANG_ENABLE_MODULES = YES;
				CLANG_ENABLE_OBJC_ARC = YES;
				CLANG_ENABLE_OBJC_WEAK = YES;
				CLANG_WARN_BLOCK_CAPTURE_AUTORELEASING = YES;
				CLANG_WARN_BOOL_CONVERSION = YES;
				CLANG_WARN_COMMA = YES;
				CLANG_WARN_CONSTANT_CONVERSION = YES;
				CLANG_WARN_DEPRECATED_OBJC_IMPLEMENTATIONS = YES;
				CLANG_WARN_DIRECT_OBJC_ISA_USAGE = YES_ERROR;
				CLANG_WARN_DOCUMENTATION_COMMENTS = YES;
				CLANG_WARN_EMPTY_BODY = YES;
				CLANG_WARN_ENUM_CONVERSION = YES;
				CLANG_WARN_INFINITE_RECURSION = YES;
				CLANG_WARN_INT_CONVERSION = YES;
				CLANG_WARN_NON_LITERAL_NULL_CONVERSION = YES;
				CLANG_WARN_OBJC_IMPLICIT_RETAIN_SELF = YES;
				CLANG_WARN_OBJC_LITERAL_CONVERSION = YES;
				CLANG_WARN_OBJC_ROOT_CLASS = YES_ERROR;
				CLANG_WARN_QUOTED_INCLUDE_IN_FRAMEWORK_HEADER = YES;
				CLANG_WARN_RANGE_LOOP_ANALYSIS = YES;
				CLANG_WARN_STRICT_PROTOTYPES = YES;
				CLANG_WARN_SUSPICIOUS_MOVE = YES;
				CLANG_WARN_UNGUARDED_AVAILABILITY = YES_AGGRESSIVE;
				CLANG_WARN_UNREACHABLE_CODE = YES;
				CLANG_WARN__DUPLICATE_METHOD_MATCH = YES;
				COPY_PHASE_STRIP = NO;
				DEBUG_INFORMATION_FORMAT = "dwarf-with-dsym";
				ENABLE_NS_ASSERTIONS = NO;
				ENABLE_STRICT_OBJC_MSGSEND = YES;
				ENABLE_USER_SCRIPT_SANDBOXING = YES;
				GCC_C_LANGUAGE_STANDARD = gnu17;
				GCC_NO_COMMON_BLOCKS = YES;
				GCC_WARN_64_TO_32_BIT_CONVERSION = YES;
				GCC_WARN_ABOUT_RETURN_TYPE = YES_ERROR;
				GCC_WARN_UNDECLARED_SELECTOR = YES;
				GCC_WARN_UNINITIALIZED_AUTOS = YES_AGGRESSIVE;
				GCC_WARN_UNUSED_FUNCTION = YES;
				GCC_WARN_UNUSED_VARIABLE = YES;
				IPHONEOS_DEPLOYMENT_TARGET = 17.5;
				LOCALIZATION_PREFERS_STRING_CATALOGS = YES;
				MTL_ENABLE_DEBUG_INFO = NO;
				MTL_FAST_MATH = YES;
				SDKROOT = iphoneos;
				SWIFT_COMPILATION_MODE = wholemodule;
				VALIDATE_PRODUCT = YES;
			};
			name = Release;
		};
		DCD7FB8C2C6989DB00E26DE3 /* Debug */ = {
			isa = XCBuildConfiguration;
			buildSettings = {
				ASSETCATALOG_COMPILER_APPICON_NAME = AppIcon;
				ASSETCATALOG_COMPILER_GLOBAL_ACCENT_COLOR_NAME = AccentColor;
				CODE_SIGN_STYLE = Automatic;
				CURRENT_PROJECT_VERSION = 1;
				DEVELOPMENT_ASSET_PATHS = "\"Tik_Tok Clone/Preview Content\"";
				DEVELOPMENT_TEAM = XU8Q77LPJV;
				ENABLE_PREVIEWS = YES;
				GENERATE_INFOPLIST_FILE = YES;
				INFOPLIST_KEY_UIApplicationSceneManifest_Generation = YES;
				INFOPLIST_KEY_UIApplicationSupportsIndirectInputEvents = YES;
				INFOPLIST_KEY_UILaunchScreen_Generation = YES;
				INFOPLIST_KEY_UISupportedInterfaceOrientations_iPad = "UIInterfaceOrientationPortrait UIInterfaceOrientationPortraitUpsideDown UIInterfaceOrientationLandscapeLeft UIInterfaceOrientationLandscapeRight";
				INFOPLIST_KEY_UISupportedInterfaceOrientations_iPhone = "UIInterfaceOrientationPortrait UIInterfaceOrientationLandscapeLeft UIInterfaceOrientationLandscapeRight";
				LD_RUNPATH_SEARCH_PATHS = (
					"$(inherited)",
					"@executable_path/Frameworks",
				);
				MARKETING_VERSION = 1.0;
				PRODUCT_BUNDLE_IDENTIFIER = "com.ZiyadQassem.Tik-Tok-Clone";
				PRODUCT_NAME = "$(TARGET_NAME)";
				SWIFT_EMIT_LOC_STRINGS = YES;
				SWIFT_VERSION = 5.0;
				TARGETED_DEVICE_FAMILY = "1,2";
			};
			name = Debug;
		};
		DCD7FB8D2C6989DB00E26DE3 /* Release */ = {
			isa = XCBuildConfiguration;
			buildSettings = {
				ASSETCATALOG_COMPILER_APPICON_NAME = AppIcon;
				ASSETCATALOG_COMPILER_GLOBAL_ACCENT_COLOR_NAME = AccentColor;
				CODE_SIGN_STYLE = Automatic;
				CURRENT_PROJECT_VERSION = 1;
				DEVELOPMENT_ASSET_PATHS = "\"Tik_Tok Clone/Preview Content\"";
				DEVELOPMENT_TEAM = XU8Q77LPJV;
				ENABLE_PREVIEWS = YES;
				GENERATE_INFOPLIST_FILE = YES;
				INFOPLIST_KEY_UIApplicationSceneManifest_Generation = YES;
				INFOPLIST_KEY_UIApplicationSupportsIndirectInputEvents = YES;
				INFOPLIST_KEY_UILaunchScreen_Generation = YES;
				INFOPLIST_KEY_UISupportedInterfaceOrientations_iPad = "UIInterfaceOrientationPortrait UIInterfaceOrientationPortraitUpsideDown UIInterfaceOrientationLandscapeLeft UIInterfaceOrientationLandscapeRight";
				INFOPLIST_KEY_UISupportedInterfaceOrientations_iPhone = "UIInterfaceOrientationPortrait UIInterfaceOrientationLandscapeLeft UIInterfaceOrientationLandscapeRight";
				LD_RUNPATH_SEARCH_PATHS = (
					"$(inherited)",
					"@executable_path/Frameworks",
				);
				MARKETING_VERSION = 1.0;
				PRODUCT_BUNDLE_IDENTIFIER = "com.ZiyadQassem.Tik-Tok-Clone";
				PRODUCT_NAME = "$(TARGET_NAME)";
				SWIFT_EMIT_LOC_STRINGS = YES;
				SWIFT_VERSION = 5.0;
				TARGETED_DEVICE_FAMILY = "1,2";
			};
			name = Release;
		};
/* End XCBuildConfiguration section */

/* Begin XCConfigurationList section */
		DCD7FB782C6989DA00E26DE3 /* Build configuration list for PBXProject "Tik_Tok Clone" */ = {
			isa = XCConfigurationList;
			buildConfigurations = (
				DCD7FB892C6989DB00E26DE3 /* Debug */,
				DCD7FB8A2C6989DB00E26DE3 /* Release */,
			);
			defaultConfigurationIsVisible = 0;
			defaultConfigurationName = Release;
		};
		DCD7FB8B2C6989DB00E26DE3 /* Build configuration list for PBXNativeTarget "Tik_Tok Clone" */ = {
			isa = XCConfigurationList;
			buildConfigurations = (
				DCD7FB8C2C6989DB00E26DE3 /* Debug */,
				DCD7FB8D2C6989DB00E26DE3 /* Release */,
			);
			defaultConfigurationIsVisible = 0;
			defaultConfigurationName = Release;
		};
/* End XCConfigurationList section */
	};
	rootObject = DCD7FB752C6989DA00E26DE3 /* Project object */;
}
